<?xml version="1.0" encoding="utf-8"?>
<Project ToolsVersion="4.0" xmlns="http://schemas.microsoft.com/developer/msbuild/2003">
  <ItemGroup>
    <ClCompile Include="ConsoleParser.cpp" />
    <ClCompile Include="ImageReaderImplementations\BmpImageReader.cpp" />
    <ClCompile Include="ImageConverter.cpp" />
    <ClCompile Include="ImageReaderImplementations\GifImageReader.cpp" />
    <ClCompile Include="ImageReaderImplementations\png\Deflate.cpp" />
    <ClCompile Include="ImageReaderImplementations\png\PngFilter.cpp" />
    <ClCompile Include="ImageReaderImplementations\png\PngImageReader.cpp" />
    <ClCompile Include="ImageReaderImplementations\PpmImageReader.cpp" />
    <ClCompile Include="ImageReaderInterface\IImageReader.cpp" />
    <ClCompile Include="ImageWriterImplementations\BmpImageWriter.cpp" />
    <ClCompile Include="ImageWriterImplementations\PngImageWriter.cpp" />
    <ClCompile Include="ImageWriterInterface\IImageWriter.cpp" />
    <ClCompile Include="main.cpp" />
    <ClCompile Include="ImageWriterImplementations\PpmImageWriter.cpp" />
    <ClCompile Include="RayTrace\Matrix4x4.cpp" />
    <ClCompile Include="OBJParser.cpp" />
    <ClCompile Include="RayTrace\RayTracer.cpp" />
    <ClCompile Include="RayTrace\Vector3D.cpp" />
    <ClCompile Include="RayTrace\KDTree\KDTree.cpp" />
    <ClCompile Include="RayTrace\Figure\Triangle.cpp" />
  </ItemGroup>
  <ItemGroup>
    <ClInclude Include="ConsoleParser.h" />
    <ClInclude Include="DataTypes\BmpHeader.h" />
    <ClInclude Include="DataTypes\ImageType.h" />
    <ClInclude Include="DataTypes\rgbaquad.h" />
    <ClInclude Include="ImageReaderImplementations\BmpImageReader.h" />
    <ClInclude Include="ImageReaderImplementations\GifImageReader.h" />
    <ClInclude Include="ImageReaderImplementations\png\Deflate.h" />
    <ClInclude Include="ImageReaderImplementations\png\PngFilter.h" />
    <ClInclude Include="ImageReaderImplementations\png\PngImageReader.h" />
    <ClInclude Include="ImageReaderImplementations\png\PngStruct.h" />
    <ClInclude Include="ImageReaderInterface\IImageReader.h" />
    <ClInclude Include="ImageWriterImplementations\PngImageWriter.h" />
    <ClInclude Include="ImageWriterInterface\IImageWriter.h" />
    <ClInclude Include="ImageConverter.h" />
    <ClInclude Include="ImageReaderImplementations\PpmImageReader.h" />
    <ClInclude Include="ImageWriterImplementations\BmpImageWriter.h" />
    <ClInclude Include="ImageWriterImplementations\PpmImageWriter.h" />
    <ClInclude Include="LZV.h" />
    <ClInclude Include="RayTrace\Camera\ICameraPositionProvider.h" />
    <ClInclude Include="RayTrace\Camera\StaticCameraPositionProvider.h" />
    <ClInclude Include="RayTrace\DI\IContainer.h" />
    <ClInclude Include="RayTrace\DI\ServiceContainer.h" />
    <ClInclude Include="RayTrace\DI\SimpleContainer.h" />
    <ClInclude Include="OBJParser.h" />
    <ClInclude Include="RayTrace\Figure\Cube.h" />
    <ClInclude Include="RayTrace\Figure\FigureI.h" />
    <ClInclude Include="RayTrace\Figure\MatrixTRS.h" />
    <ClInclude Include="RayTrace\Figure\Sphere.h" />
    <ClInclude Include="RayTrace\Figure\Triangle.h" />
    <ClInclude Include="RayTrace\Light\ILight.h" />
    <ClInclude Include="RayTrace\Light\PointLight.h" />
    <ClInclude Include="RayTrace\Matrix4x4.h" />
    <ClInclude Include="RayTrace\RayProvider\IRayProvider.h" />
    <ClInclude Include="RayTrace\RayProvider\PerspectiveRayProvider.h" />
    <ClInclude Include="RayTrace\RayTracer.h" />
    <ClInclude Include="RayTrace\Vector3D.h" />
    <ClInclude Include="RayTrace\KDTree\KDTree.h" />
    <ClInclude Include="DataTypes\ModelSide.h" />
    <ClInclude Include="DataTypes\GifStruct.h" />
    <ClInclude Include="RayTrace\Light\DirectionalLight.h" />
    <ClInclude Include="RayTrace\Figure\Plane.h" />
    <ClInclude Include="RayTrace\SceneFormat\SceneReader.h" />
  </ItemGroup>
</Project>